
Microsoft Visual Studio Solution File, Format Version 12.00
# Visual Studio 15
VisualStudioVersion = 15.0.26014.0
MinimumVisualStudioVersion = 10.0.40219.1
Project("{FAE04EC0-301F-11D3-BF4B-00C04F79EFBC}") = "RegexTester", "RegexTester\RegexTester.csproj", "{FC537912-0C0D-4DCA-958B-B914CB39B43A}"
EndProject
Global
	GlobalSection(SolutionConfigurationPlatforms) = preSolution
		Debug|Any CPU = Debug|Any CPU
		Release|Any CPU = Release|Any CPU
	EndGlobalSection
	GlobalSection(ProjectConfigurationPlatforms) = postSolution
		{FC537912-0C0D-4DCA-958B-B914CB39B43A}.Debug|Any CPU.ActiveCfg = Debug|Any CPU
		{FC537912-0C0D-4DCA-958B-B914CB39B43A}.Debug|Any CPU.Build.0 = Debug|Any CPU
		{FC537912-0C0D-4DCA-958B-B914CB39B43A}.Release|Any CPU.ActiveCfg = Release|Any CPU
		{FC537912-0C0D-4DCA-958B-B914CB39B43A}.Release|Any CPU.Build.0 = Release|Any CPU
	EndGlobalSection
	GlobalSection(SolutionProperties) = preSolution
		HideSolutionNode = FALSE
	EndGlobalSection
EndGlobal
